
Microsoft Visual Studio Solution File, Format Version 12.00
# Visual Studio 15
VisualStudioVersion = 15.0.28010.2036
MinimumVisualStudioVersion = 10.0.40219.1
Project("{FAE04EC0-301F-11D3-BF4B-00C04F79EFBC}") = "Address-Web-Tests", "Address-Web-Tests\Address-Web-Tests.csproj", "{AA008783-1CA5-400F-BA65-90C5C3FE6CE4}"
EndProject
Project("{FAE04EC0-301F-11D3-BF4B-00C04F79EFBC}") = "addressbook-test-data-generators", "addressbook-test-data-generators\addressbook-test-data-generators.csproj", "{AAB2A294-AF73-495B-865B-5A1C7E54E7D7}"
	ProjectSection(ProjectDependencies) = postProject
		{AA008783-1CA5-400F-BA65-90C5C3FE6CE4} = {AA008783-1CA5-400F-BA65-90C5C3FE6CE4}
	EndProjectSection
EndProject
Global
	GlobalSection(SolutionConfigurationPlatforms) = preSolution
		Debug|Any CPU = Debug|Any CPU
		Release|Any CPU = Release|Any CPU
	EndGlobalSection
	GlobalSection(ProjectConfigurationPlatforms) = postSolution
		{AA008783-1CA5-400F-BA65-90C5C3FE6CE4}.Debug|Any CPU.ActiveCfg = Debug|Any CPU
		{AA008783-1CA5-400F-BA65-90C5C3FE6CE4}.Debug|Any CPU.Build.0 = Debug|Any CPU
		{AA008783-1CA5-400F-BA65-90C5C3FE6CE4}.Release|Any CPU.ActiveCfg = Release|Any CPU
		{AA008783-1CA5-400F-BA65-90C5C3FE6CE4}.Release|Any CPU.Build.0 = Release|Any CPU
		{AAB2A294-AF73-495B-865B-5A1C7E54E7D7}.Debug|Any CPU.ActiveCfg = Debug|Any CPU
		{AAB2A294-AF73-495B-865B-5A1C7E54E7D7}.Debug|Any CPU.Build.0 = Debug|Any CPU
		{AAB2A294-AF73-495B-865B-5A1C7E54E7D7}.Release|Any CPU.ActiveCfg = Release|Any CPU
		{AAB2A294-AF73-495B-865B-5A1C7E54E7D7}.Release|Any CPU.Build.0 = Release|Any CPU
	EndGlobalSection
	GlobalSection(SolutionProperties) = preSolution
		HideSolutionNode = FALSE
	EndGlobalSection
	GlobalSection(ExtensibilityGlobals) = postSolution
		SolutionGuid = {86519F05-65E7-44C2-96F1-690DB308F61D}
	EndGlobalSection
EndGlobal
